// !$*UTF8*$!
{
	archiveVersion = 1;
	classes = {
	};
	objectVersion = 46;
	objects = {

/* Begin PBXBuildFile section */
		CD2E604C1CEEC7A4006B633D /* PokemonDetailVC.swift in Sources */ = {isa = PBXBuildFile; fileRef = CD2E604B1CEEC7A4006B633D /* PokemonDetailVC.swift */; };
		CD454F871CEB9BB4002A1CE5 /* AppDelegate.swift in Sources */ = {isa = PBXBuildFile; fileRef = CD454F861CEB9BB4002A1CE5 /* AppDelegate.swift */; };
		CD454F891CEB9BB4002A1CE5 /* ViewController.swift in Sources */ = {isa = PBXBuildFile; fileRef = CD454F881CEB9BB4002A1CE5 /* ViewController.swift */; };
		CD454F8C1CEB9BB4002A1CE5 /* Main.storyboard in Resources */ = {isa = PBXBuildFile; fileRef = CD454F8A1CEB9BB4002A1CE5 /* Main.storyboard */; };
		CD454F8E1CEB9BB4002A1CE5 /* Assets.xcassets in Resources */ = {isa = PBXBuildFile; fileRef = CD454F8D1CEB9BB4002A1CE5 /* Assets.xcassets */; };
		CD454F911CEB9BB4002A1CE5 /* LaunchScreen.storyboard in Resources */ = {isa = PBXBuildFile; fileRef = CD454F8F1CEB9BB4002A1CE5 /* LaunchScreen.storyboard */; };
		CD454F991CEB9C2A002A1CE5 /* pokemon.csv in Resources */ = {isa = PBXBuildFile; fileRef = CD454F981CEB9C2A002A1CE5 /* pokemon.csv */; };
		CD454F9C1CEB9CEE002A1CE5 /* Pokemon.swift in Sources */ = {isa = PBXBuildFile; fileRef = CD454F9B1CEB9CEE002A1CE5 /* Pokemon.swift */; };
		CD454F9F1CEBAAF1002A1CE5 /* Pokecell.swift in Sources */ = {isa = PBXBuildFile; fileRef = CD454F9E1CEBAAF1002A1CE5 /* Pokecell.swift */; };
		CD454FA41CEC227A002A1CE5 /* csv.swift in Sources */ = {isa = PBXBuildFile; fileRef = CD454FA31CEC227A002A1CE5 /* csv.swift */; };
		CD454FA61CEC2B29002A1CE5 /* Pokemon.ttf in Resources */ = {isa = PBXBuildFile; fileRef = CD454FA51CEC2B29002A1CE5 /* Pokemon.ttf */; };
		CD454FA81CEC2E7A002A1CE5 /* music.mp3 in Resources */ = {isa = PBXBuildFile; fileRef = CD454FA71CEC2E7A002A1CE5 /* music.mp3 */; };
		CD980D751CF96A6F00230453 /* Constants.swift in Sources */ = {isa = PBXBuildFile; fileRef = CD980D741CF96A6F00230453 /* Constants.swift */; };
		E8F70EFE6EA37FB2F4676C55 /* Pods_PokeDex3.framework in Frameworks */ = {isa = PBXBuildFile; fileRef = 88892638DDFB83C9616C210F /* Pods_PokeDex3.framework */; };
/* End PBXBuildFile section */

/* Begin PBXFileReference section */
		88892638DDFB83C9616C210F /* Pods_PokeDex3.framework */ = {isa = PBXFileReference; explicitFileType = wrapper.framework; includeInIndex = 0; path = Pods_PokeDex3.framework; sourceTree = BUILT_PRODUCTS_DIR; };
		CD2E604B1CEEC7A4006B633D /* PokemonDetailVC.swift */ = {isa = PBXFileReference; fileEncoding = 4; lastKnownFileType = sourcecode.swift; path = PokemonDetailVC.swift; sourceTree = "<group>"; };
		CD454F831CEB9BB3002A1CE5 /* PokeDex3.app */ = {isa = PBXFileReference; explicitFileType = wrapper.application; includeInIndex = 0; path = PokeDex3.app; sourceTree = BUILT_PRODUCTS_DIR; };
		CD454F861CEB9BB4002A1CE5 /* AppDelegate.swift */ = {isa = PBXFileReference; lastKnownFileType = sourcecode.swift; path = AppDelegate.swift; sourceTree = "<group>"; };
		CD454F881CEB9BB4002A1CE5 /* ViewController.swift */ = {isa = PBXFileReference; lastKnownFileType = sourcecode.swift; path = ViewController.swift; sourceTree = "<group>"; };
		CD454F8B1CEB9BB4002A1CE5 /* Base */ = {isa = PBXFileReference; lastKnownFileType = file.storyboard; name = Base; path = Base.lproj/Main.storyboard; sourceTree = "<group>"; };
		CD454F8D1CEB9BB4002A1CE5 /* Assets.xcassets */ = {isa = PBXFileReference; lastKnownFileType = folder.assetcatalog; path = Assets.xcassets; sourceTree = "<group>"; };
		CD454F901CEB9BB4002A1CE5 /* Base */ = {isa = PBXFileReference; lastKnownFileType = file.storyboard; name = Base; path = Base.lproj/LaunchScreen.storyboard; sourceTree = "<group>"; };
		CD454F921CEB9BB4002A1CE5 /* Info.plist */ = {isa = PBXFileReference; lastKnownFileType = text.plist.xml; path = Info.plist; sourceTree = "<group>"; };
		CD454F981CEB9C2A002A1CE5 /* pokemon.csv */ = {isa = PBXFileReference; fileEncoding = 4; lastKnownFileType = text; path = pokemon.csv; sourceTree = "<group>"; };
		CD454F9B1CEB9CEE002A1CE5 /* Pokemon.swift */ = {isa = PBXFileReference; fileEncoding = 4; lastKnownFileType = sourcecode.swift; path = Pokemon.swift; sourceTree = "<group>"; };
		CD454F9E1CEBAAF1002A1CE5 /* Pokecell.swift */ = {isa = PBXFileReference; fileEncoding = 4; lastKnownFileType = sourcecode.swift; path = Pokecell.swift; sourceTree = "<group>"; };
		CD454FA31CEC227A002A1CE5 /* csv.swift */ = {isa = PBXFileReference; fileEncoding = 4; lastKnownFileType = sourcecode.swift; path = csv.swift; sourceTree = "<group>"; };
		CD454FA51CEC2B29002A1CE5 /* Pokemon.ttf */ = {isa = PBXFileReference; lastKnownFileType = file; path = Pokemon.ttf; sourceTree = "<group>"; };
		CD454FA71CEC2E7A002A1CE5 /* music.mp3 */ = {isa = PBXFileReference; lastKnownFileType = audio.mp3; path = music.mp3; sourceTree = "<group>"; };
		CD980D741CF96A6F00230453 /* Constants.swift */ = {isa = PBXFileReference; fileEncoding = 4; lastKnownFileType = sourcecode.swift; path = Constants.swift; sourceTree = "<group>"; };
		DA49D623C8D84582A975BEE9 /* Pods-PokeDex3.debug.xcconfig */ = {isa = PBXFileReference; includeInIndex = 1; lastKnownFileType = text.xcconfig; name = "Pods-PokeDex3.debug.xcconfig"; path = "Pods/Target Support Files/Pods-PokeDex3/Pods-PokeDex3.debug.xcconfig"; sourceTree = "<group>"; };
		FA798D8888B05F8257D491F5 /* Pods-PokeDex3.release.xcconfig */ = {isa = PBXFileReference; includeInIndex = 1; lastKnownFileType = text.xcconfig; name = "Pods-PokeDex3.release.xcconfig"; path = "Pods/Target Support Files/Pods-PokeDex3/Pods-PokeDex3.release.xcconfig"; sourceTree = "<group>"; };
/* End PBXFileReference section */

/* Begin PBXFrameworksBuildPhase section */
		CD454F801CEB9BB3002A1CE5 /* Frameworks */ = {
			isa = PBXFrameworksBuildPhase;
			buildActionMask = 2147483647;
			files = (
				E8F70EFE6EA37FB2F4676C55 /* Pods_PokeDex3.framework in Frameworks */,
			);
			runOnlyForDeploymentPostprocessing = 0;
		};
/* End PBXFrameworksBuildPhase section */

/* Begin PBXGroup section */
		27D5EC2C98E8B236B2E899A3 /* Pods */ = {
			isa = PBXGroup;
			children = (
				DA49D623C8D84582A975BEE9 /* Pods-PokeDex3.debug.xcconfig */,
				FA798D8888B05F8257D491F5 /* Pods-PokeDex3.release.xcconfig */,
			);
			name = Pods;
			sourceTree = "<group>";
		};
		CD454F7A1CEB9BB3002A1CE5 = {
			isa = PBXGroup;
			children = (
				CD454F851CEB9BB3002A1CE5 /* PokeDex3 */,
				CD454F841CEB9BB3002A1CE5 /* Products */,
				27D5EC2C98E8B236B2E899A3 /* Pods */,
				D6511F1E6D750E3E29453D5B /* Frameworks */,
			);
			sourceTree = "<group>";
		};
		CD454F841CEB9BB3002A1CE5 /* Products */ = {
			isa = PBXGroup;
			children = (
				CD454F831CEB9BB3002A1CE5 /* PokeDex3.app */,
			);
			name = Products;
			sourceTree = "<group>";
		};
		CD454F851CEB9BB3002A1CE5 /* PokeDex3 */ = {
			isa = PBXGroup;
			children = (
				CD454F9A1CEB9CCF002A1CE5 /* Model */,
				CD454F9D1CEBAABE002A1CE5 /* view */,
				CD454FA11CEC223E002A1CE5 /* Controller */,
				CD454FA01CEC222B002A1CE5 /* Utils */,
				CD454FA21CEC224A002A1CE5 /* Resources */,
				CD454F8D1CEB9BB4002A1CE5 /* Assets.xcassets */,
				CD454FA71CEC2E7A002A1CE5 /* music.mp3 */,
				CD454F861CEB9BB4002A1CE5 /* AppDelegate.swift */,
				CD454F8A1CEB9BB4002A1CE5 /* Main.storyboard */,
				CD454F8F1CEB9BB4002A1CE5 /* LaunchScreen.storyboard */,
				CD454F921CEB9BB4002A1CE5 /* Info.plist */,
			);
			path = PokeDex3;
			sourceTree = "<group>";
		};
		CD454F9A1CEB9CCF002A1CE5 /* Model */ = {
			isa = PBXGroup;
			children = (
				CD454F9B1CEB9CEE002A1CE5 /* Pokemon.swift */,
			);
			name = Model;
			sourceTree = "<group>";
		};
		CD454F9D1CEBAABE002A1CE5 /* view */ = {
			isa = PBXGroup;
			children = (
				CD454F9E1CEBAAF1002A1CE5 /* Pokecell.swift */,
			);
			name = view;
			sourceTree = "<group>";
		};
		CD454FA01CEC222B002A1CE5 /* Utils */ = {
			isa = PBXGroup;
			children = (
				CD454FA31CEC227A002A1CE5 /* csv.swift */,
				CD980D741CF96A6F00230453 /* Constants.swift */,
			);
			name = Utils;
			sourceTree = "<group>";
		};
		CD454FA11CEC223E002A1CE5 /* Controller */ = {
			isa = PBXGroup;
			children = (
				CD454F881CEB9BB4002A1CE5 /* ViewController.swift */,
				CD2E604B1CEEC7A4006B633D /* PokemonDetailVC.swift */,
			);
			name = Controller;
			sourceTree = "<group>";
		};
		CD454FA21CEC224A002A1CE5 /* Resources */ = {
			isa = PBXGroup;
			children = (
				CD454FA51CEC2B29002A1CE5 /* Pokemon.ttf */,
				CD454F981CEB9C2A002A1CE5 /* pokemon.csv */,
			);
			name = Resources;
			sourceTree = "<group>";
		};
		D6511F1E6D750E3E29453D5B /* Frameworks */ = {
			isa = PBXGroup;
			children = (
				88892638DDFB83C9616C210F /* Pods_PokeDex3.framework */,
			);
			name = Frameworks;
			sourceTree = "<group>";
		};
/* End PBXGroup section */

/* Begin PBXNativeTarget section */
		CD454F821CEB9BB3002A1CE5 /* PokeDex3 */ = {
			isa = PBXNativeTarget;
			buildConfigurationList = CD454F951CEB9BB4002A1CE5 /* Build configuration list for PBXNativeTarget "PokeDex3" */;
			buildPhases = (
				D0092BF58ACB1361075555F4 /* 📦 Check Pods Manifest.lock */,
				CD454F7F1CEB9BB3002A1CE5 /* Sources */,
				CD454F801CEB9BB3002A1CE5 /* Frameworks */,
				CD454F811CEB9BB3002A1CE5 /* Resources */,
				8F704D212E48EA92822223AA /* 📦 Embed Pods Frameworks */,
				B543A15A2B4D30AC3CD1A8B8 /* 📦 Copy Pods Resources */,
			);
			buildRules = (
			);
			dependencies = (
			);
			name = PokeDex3;
			productName = PokeDex3;
			productReference = CD454F831CEB9BB3002A1CE5 /* PokeDex3.app */;
			productType = "com.apple.product-type.application";
		};
/* End PBXNativeTarget section */

/* Begin PBXProject section */
		CD454F7B1CEB9BB3002A1CE5 /* Project object */ = {
			isa = PBXProject;
			attributes = {
				LastSwiftUpdateCheck = 0730;
				LastUpgradeCheck = 0730;
				ORGANIZATIONNAME = DevelperDavidG;
				TargetAttributes = {
					CD454F821CEB9BB3002A1CE5 = {
						CreatedOnToolsVersion = 7.3.1;
					};
				};
			};
			buildConfigurationList = CD454F7E1CEB9BB3002A1CE5 /* Build configuration list for PBXProject "PokeDex3" */;
			compatibilityVersion = "Xcode 3.2";
			developmentRegion = English;
			hasScannedForEncodings = 0;
			knownRegions = (
				en,
				Base,
			);
			mainGroup = CD454F7A1CEB9BB3002A1CE5;
			productRefGroup = CD454F841CEB9BB3002A1CE5 /* Products */;
			projectDirPath = "";
			projectRoot = "";
			targets = (
				CD454F821CEB9BB3002A1CE5 /* PokeDex3 */,
			);
		};
/* End PBXProject section */

/* Begin PBXResourcesBuildPhase section */
		CD454F811CEB9BB3002A1CE5 /* Resources */ = {
			isa = PBXResourcesBuildPhase;
			buildActionMask = 2147483647;
			files = (
				CD454F911CEB9BB4002A1CE5 /* LaunchScreen.storyboard in Resources */,
				CD454FA61CEC2B29002A1CE5 /* Pokemon.ttf in Resources */,
				CD454FA81CEC2E7A002A1CE5 /* music.mp3 in Resources */,
				CD454F8E1CEB9BB4002A1CE5 /* Assets.xcassets in Resources */,
				CD454F991CEB9C2A002A1CE5 /* pokemon.csv in Resources */,
				CD454F8C1CEB9BB4002A1CE5 /* Main.storyboard in Resources */,
			);
			runOnlyForDeploymentPostprocessing = 0;
		};
/* End PBXResourcesBuildPhase section */

/* Begin PBXShellScriptBuildPhase section */
		8F704D212E48EA92822223AA /* 📦 Embed Pods Frameworks */ = {
			isa = PBXShellScriptBuildPhase;
			buildActionMask = 2147483647;
			files = (
			);
			inputPaths = (
			);
			name = "📦 Embed Pods Frameworks";
			outputPaths = (
			);
			runOnlyForDeploymentPostprocessing = 0;
			shellPath = /bin/sh;
			shellScript = "\"${SRCROOT}/Pods/Target Support Files/Pods-PokeDex3/Pods-PokeDex3-frameworks.sh\"\n";
			showEnvVarsInLog = 0;
		};
		B543A15A2B4D30AC3CD1A8B8 /* 📦 Copy Pods Resources */ = {
			isa = PBXShellScriptBuildPhase;
			buildActionMask = 2147483647;
			files = (
			);
			inputPaths = (
			);
			name = "📦 Copy Pods Resources";
			outputPaths = (
			);
			runOnlyForDeploymentPostprocessing = 0;
			shellPath = /bin/sh;
			shellScript = "\"${SRCROOT}/Pods/Target Support Files/Pods-PokeDex3/Pods-PokeDex3-resources.sh\"\n";
			showEnvVarsInLog = 0;
		};
		D0092BF58ACB1361075555F4 /* 📦 Check Pods Manifest.lock */ = {
			isa = PBXShellScriptBuildPhase;
			buildActionMask = 2147483647;
			files = (
			);
			inputPaths = (
			);
			name = "📦 Check Pods Manifest.lock";
			outputPaths = (
			);
			runOnlyForDeploymentPostprocessing = 0;
			shellPath = /bin/sh;
			shellScript = "diff \"${PODS_ROOT}/../Podfile.lock\" \"${PODS_ROOT}/Manifest.lock\" > /dev/null\nif [[ $? != 0 ]] ; then\n    cat << EOM\nerror: The sandbox is not in sync with the Podfile.lock. Run 'pod install' or update your CocoaPods installation.\nEOM\n    exit 1\nfi\n";
			showEnvVarsInLog = 0;
		};
/* End PBXShellScriptBuildPhase section */

/* Begin PBXSourcesBuildPhase section */
		CD454F7F1CEB9BB3002A1CE5 /* Sources */ = {
			isa = PBXSourcesBuildPhase;
			buildActionMask = 2147483647;
			files = (
				CD454F9F1CEBAAF1002A1CE5 /* Pokecell.swift in Sources */,
				CD454F891CEB9BB4002A1CE5 /* ViewController.swift in Sources */,
				CD454F871CEB9BB4002A1CE5 /* AppDelegate.swift in Sources */,
				CD2E604C1CEEC7A4006B633D /* PokemonDetailVC.swift in Sources */,
				CD980D751CF96A6F00230453 /* Constants.swift in Sources */,
				CD454F9C1CEB9CEE002A1CE5 /* Pokemon.swift in Sources */,
				CD454FA41CEC227A002A1CE5 /* csv.swift in Sources */,
			);
			runOnlyForDeploymentPostprocessing = 0;
		};
/* End PBXSourcesBuildPhase section */

/* Begin PBXVariantGroup section */
		CD454F8A1CEB9BB4002A1CE5 /* Main.storyboard */ = {
			isa = PBXVariantGroup;
			children = (
				CD454F8B1CEB9BB4002A1CE5 /* Base */,
			);
			name = Main.storyboard;
			sourceTree = "<group>";
		};
		CD454F8F1CEB9BB4002A1CE5 /* LaunchScreen.storyboard */ = {
			isa = PBXVariantGroup;
			children = (
				CD454F901CEB9BB4002A1CE5 /* Base */,
			);
			name = LaunchScreen.storyboard;
			sourceTree = "<group>";
		};
/* End PBXVariantGroup section */

/* Begin XCBuildConfiguration section */
		CD454F931CEB9BB4002A1CE5 /* Debug */ = {
			isa = XCBuildConfiguration;
			buildSettings = {
				ALWAYS_SEARCH_USER_PATHS = NO;
				CLANG_ANALYZER_NONNULL = YES;
				CLANG_CXX_LANGUAGE_STANDARD = "gnu++0x";
				CLANG_CXX_LIBRARY = "libc++";
				CLANG_ENABLE_MODULES = YES;
				CLANG_ENABLE_OBJC_ARC = YES;
				CLANG_WARN_BOOL_CONVERSION = YES;
				CLANG_WARN_CONSTANT_CONVERSION = YES;
				CLANG_WARN_DIRECT_OBJC_ISA_USAGE = YES_ERROR;
				CLANG_WARN_EMPTY_BODY = YES;
				CLANG_WARN_ENUM_CONVERSION = YES;
				CLANG_WARN_INT_CONVERSION = YES;
				CLANG_WARN_OBJC_ROOT_CLASS = YES_ERROR;
				CLANG_WARN_UNREACHABLE_CODE = YES;
				CLANG_WARN__DUPLICATE_METHOD_MATCH = YES;
				"CODE_SIGN_IDENTITY[sdk=iphoneos*]" = "iPhone Developer";
				COPY_PHASE_STRIP = NO;
				DEBUG_INFORMATION_FORMAT = dwarf;
				ENABLE_STRICT_OBJC_MSGSEND = YES;
				ENABLE_TESTABILITY = YES;
				GCC_C_LANGUAGE_STANDARD = gnu99;
				GCC_DYNAMIC_NO_PIC = NO;
				GCC_NO_COMMON_BLOCKS = YES;
				GCC_OPTIMIZATION_LEVEL = 0;
				GCC_PREPROCESSOR_DEFINITIONS = (
					"DEBUG=1",
					"$(inherited)",
				);
				GCC_WARN_64_TO_32_BIT_CONVERSION = YES;
				GCC_WARN_ABOUT_RETURN_TYPE = YES_ERROR;
				GCC_WARN_UNDECLARED_SELECTOR = YES;
				GCC_WARN_UNINITIALIZED_AUTOS = YES_AGGRESSIVE;
				GCC_WARN_UNUSED_FUNCTION = YES;
				GCC_WARN_UNUSED_VARIABLE = YES;
				IPHONEOS_DEPLOYMENT_TARGET = 9.3;
				MTL_ENABLE_DEBUG_INFO = YES;
				ONLY_ACTIVE_ARCH = YES;
				SDKROOT = iphoneos;
				SWIFT_OPTIMIZATION_LEVEL = "-Onone";
			};
			name = Debug;
		};
		CD454F941CEB9BB4002A1CE5 /* Release */ = {
			isa = XCBuildConfiguration;
			buildSettings = {
				ALWAYS_SEARCH_USER_PATHS = NO;
				CLANG_ANALYZER_NONNULL = YES;
				CLANG_CXX_LANGUAGE_STANDARD = "gnu++0x";
				CLANG_CXX_LIBRARY = "libc++";
				CLANG_ENABLE_MODULES = YES;
				CLANG_ENABLE_OBJC_ARC = YES;
				CLANG_WARN_BOOL_CONVERSION = YES;
				CLANG_WARN_CONSTANT_CONVERSION = YES;
				CLANG_WARN_DIRECT_OBJC_ISA_USAGE = YES_ERROR;
				CLANG_WARN_EMPTY_BODY = YES;
				CLANG_WARN_ENUM_CONVERSION = YES;
				CLANG_WARN_INT_CONVERSION = YES;
				CLANG_WARN_OBJC_ROOT_CLASS = YES_ERROR;
				CLANG_WARN_UNREACHABLE_CODE = YES;
				CLANG_WARN__DUPLICATE_METHOD_MATCH = YES;
				"CODE_SIGN_IDENTITY[sdk=iphoneos*]" = "iPhone Developer";
				COPY_PHASE_STRIP = NO;
				DEBUG_INFORMATION_FORMAT = "dwarf-with-dsym";
				ENABLE_NS_ASSERTIONS = NO;
				ENABLE_STRICT_OBJC_MSGSEND = YES;
				GCC_C_LANGUAGE_STANDARD = gnu99;
				GCC_NO_COMMON_BLOCKS = YES;
				GCC_WARN_64_TO_32_BIT_CONVERSION = YES;
				GCC_WARN_ABOUT_RETURN_TYPE = YES_ERROR;
				GCC_WARN_UNDECLARED_SELECTOR = YES;
				GCC_WARN_UNINITIALIZED_AUTOS = YES_AGGRESSIVE;
				GCC_WARN_UNUSED_FUNCTION = YES;
				GCC_WARN_UNUSED_VARIABLE = YES;
				IPHONEOS_DEPLOYMENT_TARGET = 9.3;
				MTL_ENABLE_DEBUG_INFO = NO;
				SDKROOT = iphoneos;
				VALIDATE_PRODUCT = YES;
			};
			name = Release;
		};
		CD454F961CEB9BB4002A1CE5 /* Debug */ = {
			isa = XCBuildConfiguration;
			baseConfigurationReference = DA49D623C8D84582A975BEE9 /* Pods-PokeDex3.debug.xcconfig */;
			buildSettings = {
				ASSETCATALOG_COMPILER_APPICON_NAME = AppIcon;
				INFOPLIST_FILE = PokeDex3/Info.plist;
				LD_RUNPATH_SEARCH_PATHS = "$(inherited) @executable_path/Frameworks";
				PRODUCT_BUNDLE_IDENTIFIER = com.practice.PokeDex3;
				PRODUCT_NAME = "$(TARGET_NAME)";
			};
			name = Debug;
		};
		CD454F971CEB9BB4002A1CE5 /* Release */ = {
			isa = XCBuildConfiguration;
			baseConfigurationReference = FA798D8888B05F8257D491F5 /* Pods-PokeDex3.release.xcconfig */;
			buildSettings = {
				ASSETCATALOG_COMPILER_APPICON_NAME = AppIcon;
				INFOPLIST_FILE = PokeDex3/Info.plist;
				LD_RUNPATH_SEARCH_PATHS = "$(inherited) @executable_path/Frameworks";
				PRODUCT_BUNDLE_IDENTIFIER = com.practice.PokeDex3;
				PRODUCT_NAME = "$(TARGET_NAME)";
			};
			name = Release;
		};
/* End XCBuildConfiguration section */

/* Begin XCConfigurationList section */
		CD454F7E1CEB9BB3002A1CE5 /* Build configuration list for PBXProject "PokeDex3" */ = {
			isa = XCConfigurationList;
			buildConfigurations = (
				CD454F931CEB9BB4002A1CE5 /* Debug */,
				CD454F941CEB9BB4002A1CE5 /* Release */,
			);
			defaultConfigurationIsVisible = 0;
			defaultConfigurationName = Release;
		};
		CD454F951CEB9BB4002A1CE5 /* Build configuration list for PBXNativeTarget "PokeDex3" */ = {
			isa = XCConfigurationList;
			buildConfigurations = (
				CD454F961CEB9BB4002A1CE5 /* Debug */,
				CD454F971CEB9BB4002A1CE5 /* Release */,
			);
			defaultConfigurationIsVisible = 0;
			defaultConfigurationName = Release;
		};
/* End XCConfigurationList section */
	};
	rootObject = CD454F7B1CEB9BB3002A1CE5 /* Project object */;
}
